
Microsoft Visual Studio Solution File, Format Version 12.00
# Visual Studio Version 16
VisualStudioVersion = 16.0.30503.244
MinimumVisualStudioVersion = 10.0.40219.1
Project("{FAE04EC0-301F-11D3-BF4B-00C04F79EFBC}") = "WindowsFormDemo", "WindowsFormDemo\WindowsFormDemo.csproj", "{0DD5DDB6-DE44-4A9D-AC8D-010DA530E87B}"
EndProject
Global
	GlobalSection(SolutionConfigurationPlatforms) = preSolution
		Debug|Any CPU = Debug|Any CPU
		Release|Any CPU = Release|Any CPU
	EndGlobalSection
	GlobalSection(ProjectConfigurationPlatforms) = postSolution
		{0DD5DDB6-DE44-4A9D-AC8D-010DA530E87B}.Debug|Any CPU.ActiveCfg = Debug|Any CPU
		{0DD5DDB6-DE44-4A9D-AC8D-010DA530E87B}.Debug|Any CPU.Build.0 = Debug|Any CPU
		{0DD5DDB6-DE44-4A9D-AC8D-010DA530E87B}.Release|Any CPU.ActiveCfg = Release|Any CPU
		{0DD5DDB6-DE44-4A9D-AC8D-010DA530E87B}.Release|Any CPU.Build.0 = Release|Any CPU
	EndGlobalSection
	GlobalSection(SolutionProperties) = preSolution
		HideSolutionNode = FALSE
	EndGlobalSection
	GlobalSection(ExtensibilityGlobals) = postSolution
		SolutionGuid = {6CA5F535-6DE4-4A2B-A789-2B1969AA1526}
	EndGlobalSection
EndGlobal
