
Microsoft Visual Studio Solution File, Format Version 12.00
# Visual Studio Version 16
VisualStudioVersion = 16.0.30413.136
MinimumVisualStudioVersion = 10.0.40219.1
Project("{FAE04EC0-301F-11D3-BF4B-00C04F79EFBC}") = "BasicFrom1", "BasicFrom1\BasicFrom1.csproj", "{45FB5E00-9DEC-4F42-B387-7572A8745250}"
EndProject
Global
	GlobalSection(SolutionConfigurationPlatforms) = preSolution
		Debug|Any CPU = Debug|Any CPU
		Release|Any CPU = Release|Any CPU
	EndGlobalSection
	GlobalSection(ProjectConfigurationPlatforms) = postSolution
		{45FB5E00-9DEC-4F42-B387-7572A8745250}.Debug|Any CPU.ActiveCfg = Debug|Any CPU
		{45FB5E00-9DEC-4F42-B387-7572A8745250}.Debug|Any CPU.Build.0 = Debug|Any CPU
		{45FB5E00-9DEC-4F42-B387-7572A8745250}.Release|Any CPU.ActiveCfg = Release|Any CPU
		{45FB5E00-9DEC-4F42-B387-7572A8745250}.Release|Any CPU.Build.0 = Release|Any CPU
	EndGlobalSection
	GlobalSection(SolutionProperties) = preSolution
		HideSolutionNode = FALSE
	EndGlobalSection
	GlobalSection(ExtensibilityGlobals) = postSolution
		SolutionGuid = {2BD3FA0A-2AE7-4B26-83E4-F936C6A5882C}
	EndGlobalSection
EndGlobal
